
Microsoft Visual Studio Solution File, Format Version 12.00
Project("{2150E333-8FDC-42A3-9474-1A3956D46DE8}") = "UserService", "UserService", "{D8F03B57-771D-48EB-962C-BB5ABCF1EC85}"
EndProject
Project("{FAE04EC0-301F-11D3-BF4B-00C04F79EFBC}") = "EventHarbour.UserService.Presentation", "src\EventHarbour.UserService.Presentation\EventHarbour.UserService.Presentation.csproj", "{CF326001-D78F-45DE-B90B-9C6BE0BBC66B}"
EndProject
Project("{FAE04EC0-301F-11D3-BF4B-00C04F79EFBC}") = "EventHarbout.UserService.Models", "src\EventHarbout.UserService.Models\EventHarbout.UserService.Models.csproj", "{1E9479E8-9DE5-47F3-828C-F7A953AA464D}"
EndProject
Global
	GlobalSection(SolutionConfigurationPlatforms) = preSolution
		Debug|Any CPU = Debug|Any CPU
		Release|Any CPU = Release|Any CPU
	EndGlobalSection
	GlobalSection(NestedProjects) = preSolution
		{CF326001-D78F-45DE-B90B-9C6BE0BBC66B} = {D8F03B57-771D-48EB-962C-BB5ABCF1EC85}
		{1E9479E8-9DE5-47F3-828C-F7A953AA464D} = {D8F03B57-771D-48EB-962C-BB5ABCF1EC85}
	EndGlobalSection
	GlobalSection(ProjectConfigurationPlatforms) = postSolution
		{CF326001-D78F-45DE-B90B-9C6BE0BBC66B}.Debug|Any CPU.ActiveCfg = Debug|Any CPU
		{CF326001-D78F-45DE-B90B-9C6BE0BBC66B}.Debug|Any CPU.Build.0 = Debug|Any CPU
		{CF326001-D78F-45DE-B90B-9C6BE0BBC66B}.Release|Any CPU.ActiveCfg = Release|Any CPU
		{CF326001-D78F-45DE-B90B-9C6BE0BBC66B}.Release|Any CPU.Build.0 = Release|Any CPU
		{1E9479E8-9DE5-47F3-828C-F7A953AA464D}.Debug|Any CPU.ActiveCfg = Debug|Any CPU
		{1E9479E8-9DE5-47F3-828C-F7A953AA464D}.Debug|Any CPU.Build.0 = Debug|Any CPU
		{1E9479E8-9DE5-47F3-828C-F7A953AA464D}.Release|Any CPU.ActiveCfg = Release|Any CPU
		{1E9479E8-9DE5-47F3-828C-F7A953AA464D}.Release|Any CPU.Build.0 = Release|Any CPU
	EndGlobalSection
EndGlobal
